
Microsoft Visual Studio Solution File, Format Version 12.00
# Visual Studio 2013
VisualStudioVersion = 12.0.21005.1
MinimumVisualStudioVersion = 10.0.40219.1
Project("{FAE04EC0-301F-11D3-BF4B-00C04F79EFBC}") = "SaleClassLibrary", "SaleClassLibrary\SaleClassLibrary.csproj", "{C1BBE9E9-2230-407E-95D7-B28A80BA79B3}"
EndProject
Project("{FAE04EC0-301F-11D3-BF4B-00C04F79EFBC}") = "SaleServiceHost", "SaleServiceHost\SaleServiceHost.csproj", "{23F21109-0AEB-42D5-9F12-EFCA576439E9}"
EndProject
Global
	GlobalSection(SolutionConfigurationPlatforms) = preSolution
		Debug|Any CPU = Debug|Any CPU
		Release|Any CPU = Release|Any CPU
	EndGlobalSection
	GlobalSection(ProjectConfigurationPlatforms) = postSolution
		{C1BBE9E9-2230-407E-95D7-B28A80BA79B3}.Debug|Any CPU.ActiveCfg = Debug|Any CPU
		{C1BBE9E9-2230-407E-95D7-B28A80BA79B3}.Debug|Any CPU.Build.0 = Debug|Any CPU
		{C1BBE9E9-2230-407E-95D7-B28A80BA79B3}.Release|Any CPU.ActiveCfg = Release|Any CPU
		{C1BBE9E9-2230-407E-95D7-B28A80BA79B3}.Release|Any CPU.Build.0 = Release|Any CPU
		{23F21109-0AEB-42D5-9F12-EFCA576439E9}.Debug|Any CPU.ActiveCfg = Debug|Any CPU
		{23F21109-0AEB-42D5-9F12-EFCA576439E9}.Debug|Any CPU.Build.0 = Debug|Any CPU
		{23F21109-0AEB-42D5-9F12-EFCA576439E9}.Release|Any CPU.ActiveCfg = Release|Any CPU
		{23F21109-0AEB-42D5-9F12-EFCA576439E9}.Release|Any CPU.Build.0 = Release|Any CPU
	EndGlobalSection
	GlobalSection(SolutionProperties) = preSolution
		HideSolutionNode = FALSE
	EndGlobalSection
EndGlobal
