
Microsoft Visual Studio Solution File, Format Version 12.00
# Visual Studio 2013
VisualStudioVersion = 12.0.21005.1
MinimumVisualStudioVersion = 10.0.40219.1
Project("{FAE04EC0-301F-11D3-BF4B-00C04F79EFBC}") = "BEL_BookApp", "BEL_BookApp\BEL_BookApp.csproj", "{200C710D-C866-466A-B06A-6E7573240276}"
EndProject
Project("{FAE04EC0-301F-11D3-BF4B-00C04F79EFBC}") = "DAL_BookApp", "DAL_BookApp\DAL_BookApp.csproj", "{66F2B88D-7E3E-4668-895F-1266EFD93D06}"
EndProject
Project("{FAE04EC0-301F-11D3-BF4B-00C04F79EFBC}") = "BLL_BookApp", "BLL_BookApp\BLL_BookApp.csproj", "{DC458EEE-5524-417A-A465-BEE2FAD9AA57}"
EndProject
Project("{FAE04EC0-301F-11D3-BF4B-00C04F79EFBC}") = "WebUI_BookApp", "WebApplication2\WebUI_BookApp.csproj", "{6D6052CF-B635-45EF-B0D2-21DE9D227E67}"
EndProject
Global
	GlobalSection(SolutionConfigurationPlatforms) = preSolution
		Debug|Any CPU = Debug|Any CPU
		Release|Any CPU = Release|Any CPU
	EndGlobalSection
	GlobalSection(ProjectConfigurationPlatforms) = postSolution
		{200C710D-C866-466A-B06A-6E7573240276}.Debug|Any CPU.ActiveCfg = Debug|Any CPU
		{200C710D-C866-466A-B06A-6E7573240276}.Debug|Any CPU.Build.0 = Debug|Any CPU
		{200C710D-C866-466A-B06A-6E7573240276}.Release|Any CPU.ActiveCfg = Release|Any CPU
		{200C710D-C866-466A-B06A-6E7573240276}.Release|Any CPU.Build.0 = Release|Any CPU
		{66F2B88D-7E3E-4668-895F-1266EFD93D06}.Debug|Any CPU.ActiveCfg = Debug|Any CPU
		{66F2B88D-7E3E-4668-895F-1266EFD93D06}.Debug|Any CPU.Build.0 = Debug|Any CPU
		{66F2B88D-7E3E-4668-895F-1266EFD93D06}.Release|Any CPU.ActiveCfg = Release|Any CPU
		{66F2B88D-7E3E-4668-895F-1266EFD93D06}.Release|Any CPU.Build.0 = Release|Any CPU
		{DC458EEE-5524-417A-A465-BEE2FAD9AA57}.Debug|Any CPU.ActiveCfg = Debug|Any CPU
		{DC458EEE-5524-417A-A465-BEE2FAD9AA57}.Debug|Any CPU.Build.0 = Debug|Any CPU
		{DC458EEE-5524-417A-A465-BEE2FAD9AA57}.Release|Any CPU.ActiveCfg = Release|Any CPU
		{DC458EEE-5524-417A-A465-BEE2FAD9AA57}.Release|Any CPU.Build.0 = Release|Any CPU
		{6D6052CF-B635-45EF-B0D2-21DE9D227E67}.Debug|Any CPU.ActiveCfg = Debug|Any CPU
		{6D6052CF-B635-45EF-B0D2-21DE9D227E67}.Debug|Any CPU.Build.0 = Debug|Any CPU
		{6D6052CF-B635-45EF-B0D2-21DE9D227E67}.Release|Any CPU.ActiveCfg = Release|Any CPU
		{6D6052CF-B635-45EF-B0D2-21DE9D227E67}.Release|Any CPU.Build.0 = Release|Any CPU
	EndGlobalSection
	GlobalSection(SolutionProperties) = preSolution
		HideSolutionNode = FALSE
	EndGlobalSection
EndGlobal
